
Microsoft Visual Studio Solution File, Format Version 12.00
# Visual Studio 15
VisualStudioVersion = 15.0.27703.2035
MinimumVisualStudioVersion = 10.0.40219.1
Project("{9A19103F-16F7-4668-BE54-9A1E7A4F7556}") = "NET.Core.Kestrel", "NET.Core.Kestrel\NET.Core.Kestrel.csproj", "{318A249B-DCC4-47EC-B2D1-9CBB1BCFA9D0}"
EndProject
Global
	GlobalSection(SolutionConfigurationPlatforms) = preSolution
		Debug|Any CPU = Debug|Any CPU
		Release|Any CPU = Release|Any CPU
	EndGlobalSection
	GlobalSection(ProjectConfigurationPlatforms) = postSolution
		{318A249B-DCC4-47EC-B2D1-9CBB1BCFA9D0}.Debug|Any CPU.ActiveCfg = Debug|Any CPU
		{318A249B-DCC4-47EC-B2D1-9CBB1BCFA9D0}.Debug|Any CPU.Build.0 = Debug|Any CPU
		{318A249B-DCC4-47EC-B2D1-9CBB1BCFA9D0}.Release|Any CPU.ActiveCfg = Release|Any CPU
		{318A249B-DCC4-47EC-B2D1-9CBB1BCFA9D0}.Release|Any CPU.Build.0 = Release|Any CPU
	EndGlobalSection
	GlobalSection(SolutionProperties) = preSolution
		HideSolutionNode = FALSE
	EndGlobalSection
	GlobalSection(ExtensibilityGlobals) = postSolution
		SolutionGuid = {CE50766F-54C1-43D7-B680-3E300EB8643F}
	EndGlobalSection
EndGlobal
